# THIS IS AN AUTOGENERATED FILE. DO NOT EDIT THIS FILE DIRECTLY.
# yarn lockfile v1


perfect-scrollbar@1:
  version "1.2.0"
  resolved "https://registry.yarnpkg.com/perfect-scrollbar/-/perfect-scrollbar-1.2.0.tgz#ad23a2529c17f4535f21d1486f8bc3046e31a9d2"

tslib@1:
  version "1.8.0"
  resolved "https://registry.yarnpkg.com/tslib/-/tslib-1.8.0.tgz#dc604ebad64bcbf696d613da6c954aa0e7ea1eb6"
